
Microsoft Visual Studio Solution File, Format Version 12.00
# Visual Studio Version 16
VisualStudioVersion = 16.0.31129.286
MinimumVisualStudioVersion = 10.0.40219.1
Project("{FAE04EC0-301F-11D3-BF4B-00C04F79EFBC}") = "Client3DCapacitiveSensor", "Client3DCapacitiveSensor.csproj", "{7AF77F36-C41E-4C3C-9E27-00EA5C0D0889}"
EndProject
Global
	GlobalSection(SolutionConfigurationPlatforms) = preSolution
		Debug|Any CPU = Debug|Any CPU
		Release|Any CPU = Release|Any CPU
	EndGlobalSection
	GlobalSection(ProjectConfigurationPlatforms) = postSolution
		{7AF77F36-C41E-4C3C-9E27-00EA5C0D0889}.Debug|Any CPU.ActiveCfg = Debug|Any CPU
		{7AF77F36-C41E-4C3C-9E27-00EA5C0D0889}.Debug|Any CPU.Build.0 = Debug|Any CPU
		{7AF77F36-C41E-4C3C-9E27-00EA5C0D0889}.Release|Any CPU.ActiveCfg = Release|Any CPU
		{7AF77F36-C41E-4C3C-9E27-00EA5C0D0889}.Release|Any CPU.Build.0 = Release|Any CPU
	EndGlobalSection
	GlobalSection(SolutionProperties) = preSolution
		HideSolutionNode = FALSE
	EndGlobalSection
	GlobalSection(ExtensibilityGlobals) = postSolution
		SolutionGuid = {2D8A4D92-59F2-478F-AAA3-A574C55A4B25}
	EndGlobalSection
EndGlobal
